// !$*UTF8*$!
{
	archiveVersion = 1;
	classes = {
	};
	objectVersion = 46;
	objects = {

/* Begin PBXBuildFile section */
		5B3F844A1C5E9668004F6CF6 /* AppDelegate.swift in Sources */ = {isa = PBXBuildFile; fileRef = 5B3F84491C5E9668004F6CF6 /* AppDelegate.swift */; };
		5B3F844C1C5E9668004F6CF6 /* ViewController.swift in Sources */ = {isa = PBXBuildFile; fileRef = 5B3F844B1C5E9668004F6CF6 /* ViewController.swift */; };
		5B3F844F1C5E9668004F6CF6 /* Main.storyboard in Resources */ = {isa = PBXBuildFile; fileRef = 5B3F844D1C5E9668004F6CF6 /* Main.storyboard */; };
		5B3F84511C5E9668004F6CF6 /* Assets.xcassets in Resources */ = {isa = PBXBuildFile; fileRef = 5B3F84501C5E9668004F6CF6 /* Assets.xcassets */; };
		5B3F84541C5E9668004F6CF6 /* LaunchScreen.storyboard in Resources */ = {isa = PBXBuildFile; fileRef = 5B3F84521C5E9668004F6CF6 /* LaunchScreen.storyboard */; };
		5B3F845F1C5E9668004F6CF6 /* ControlFlow_XcodeTests.swift in Sources */ = {isa = PBXBuildFile; fileRef = 5B3F845E1C5E9668004F6CF6 /* ControlFlow_XcodeTests.swift */; };
		5B3F846A1C5E9668004F6CF6 /* ControlFlow_XcodeUITests.swift in Sources */ = {isa = PBXBuildFile; fileRef = 5B3F84691C5E9668004F6CF6 /* ControlFlow_XcodeUITests.swift */; };
/* End PBXBuildFile section */

/* Begin PBXContainerItemProxy section */
		5B3F845B1C5E9668004F6CF6 /* PBXContainerItemProxy */ = {
			isa = PBXContainerItemProxy;
			containerPortal = 5B3F843E1C5E9668004F6CF6 /* Project object */;
			proxyType = 1;
			remoteGlobalIDString = 5B3F84451C5E9668004F6CF6;
			remoteInfo = "ControlFlow-Xcode";
		};
		5B3F84661C5E9668004F6CF6 /* PBXContainerItemProxy */ = {
			isa = PBXContainerItemProxy;
			containerPortal = 5B3F843E1C5E9668004F6CF6 /* Project object */;
			proxyType = 1;
			remoteGlobalIDString = 5B3F84451C5E9668004F6CF6;
			remoteInfo = "ControlFlow-Xcode";
		};
/* End PBXContainerItemProxy section */

/* Begin PBXFileReference section */
		5B3F84461C5E9668004F6CF6 /* ControlFlow-Xcode.app */ = {isa = PBXFileReference; explicitFileType = wrapper.application; includeInIndex = 0; path = "ControlFlow-Xcode.app"; sourceTree = BUILT_PRODUCTS_DIR; };
		5B3F84491C5E9668004F6CF6 /* AppDelegate.swift */ = {isa = PBXFileReference; lastKnownFileType = sourcecode.swift; path = AppDelegate.swift; sourceTree = "<group>"; };
		5B3F844B1C5E9668004F6CF6 /* ViewController.swift */ = {isa = PBXFileReference; lastKnownFileType = sourcecode.swift; path = ViewController.swift; sourceTree = "<group>"; };
		5B3F844E1C5E9668004F6CF6 /* Base */ = {isa = PBXFileReference; lastKnownFileType = file.storyboard; name = Base; path = Base.lproj/Main.storyboard; sourceTree = "<group>"; };
		5B3F84501C5E9668004F6CF6 /* Assets.xcassets */ = {isa = PBXFileReference; lastKnownFileType = folder.assetcatalog; path = Assets.xcassets; sourceTree = "<group>"; };
		5B3F84531C5E9668004F6CF6 /* Base */ = {isa = PBXFileReference; lastKnownFileType = file.storyboard; name = Base; path = Base.lproj/LaunchScreen.storyboard; sourceTree = "<group>"; };
		5B3F84551C5E9668004F6CF6 /* Info.plist */ = {isa = PBXFileReference; lastKnownFileType = text.plist.xml; path = Info.plist; sourceTree = "<group>"; };
		5B3F845A1C5E9668004F6CF6 /* ControlFlow-XcodeTests.xctest */ = {isa = PBXFileReference; explicitFileType = wrapper.cfbundle; includeInIndex = 0; path = "ControlFlow-XcodeTests.xctest"; sourceTree = BUILT_PRODUCTS_DIR; };
		5B3F845E1C5E9668004F6CF6 /* ControlFlow_XcodeTests.swift */ = {isa = PBXFileReference; lastKnownFileType = sourcecode.swift; path = ControlFlow_XcodeTests.swift; sourceTree = "<group>"; };
		5B3F84601C5E9668004F6CF6 /* Info.plist */ = {isa = PBXFileReference; lastKnownFileType = text.plist.xml; path = Info.plist; sourceTree = "<group>"; };
		5B3F84651C5E9668004F6CF6 /* ControlFlow-XcodeUITests.xctest */ = {isa = PBXFileReference; explicitFileType = wrapper.cfbundle; includeInIndex = 0; path = "ControlFlow-XcodeUITests.xctest"; sourceTree = BUILT_PRODUCTS_DIR; };
		5B3F84691C5E9668004F6CF6 /* ControlFlow_XcodeUITests.swift */ = {isa = PBXFileReference; lastKnownFileType = sourcecode.swift; path = ControlFlow_XcodeUITests.swift; sourceTree = "<group>"; };
		5B3F846B1C5E9668004F6CF6 /* Info.plist */ = {isa = PBXFileReference; lastKnownFileType = text.plist.xml; path = Info.plist; sourceTree = "<group>"; };
/* End PBXFileReference section */

/* Begin PBXFrameworksBuildPhase section */
		5B3F84431C5E9668004F6CF6 /* Frameworks */ = {
			isa = PBXFrameworksBuildPhase;
			buildActionMask = 2147483647;
			files = (
			);
			runOnlyForDeploymentPostprocessing = 0;
		};
		5B3F84571C5E9668004F6CF6 /* Frameworks */ = {
			isa = PBXFrameworksBuildPhase;
			buildActionMask = 2147483647;
			files = (
			);
			runOnlyForDeploymentPostprocessing = 0;
		};
		5B3F84621C5E9668004F6CF6 /* Frameworks */ = {
			isa = PBXFrameworksBuildPhase;
			buildActionMask = 2147483647;
			files = (
			);
			runOnlyForDeploymentPostprocessing = 0;
		};
/* End PBXFrameworksBuildPhase section */

/* Begin PBXGroup section */
		5B3F843D1C5E9668004F6CF6 = {
			isa = PBXGroup;
			children = (
				5B3F84481C5E9668004F6CF6 /* ControlFlow-Xcode */,
				5B3F845D1C5E9668004F6CF6 /* ControlFlow-XcodeTests */,
				5B3F84681C5E9668004F6CF6 /* ControlFlow-XcodeUITests */,
				5B3F84471C5E9668004F6CF6 /* Products */,
			);
			sourceTree = "<group>";
		};
		5B3F84471C5E9668004F6CF6 /* Products */ = {
			isa = PBXGroup;
			children = (
				5B3F84461C5E9668004F6CF6 /* ControlFlow-Xcode.app */,
				5B3F845A1C5E9668004F6CF6 /* ControlFlow-XcodeTests.xctest */,
				5B3F84651C5E9668004F6CF6 /* ControlFlow-XcodeUITests.xctest */,
			);
			name = Products;
			sourceTree = "<group>";
		};
		5B3F84481C5E9668004F6CF6 /* ControlFlow-Xcode */ = {
			isa = PBXGroup;
			children = (
				5B3F84491C5E9668004F6CF6 /* AppDelegate.swift */,
				5B3F844B1C5E9668004F6CF6 /* ViewController.swift */,
				5B3F844D1C5E9668004F6CF6 /* Main.storyboard */,
				5B3F84501C5E9668004F6CF6 /* Assets.xcassets */,
				5B3F84521C5E9668004F6CF6 /* LaunchScreen.storyboard */,
				5B3F84551C5E9668004F6CF6 /* Info.plist */,
			);
			path = "ControlFlow-Xcode";
			sourceTree = "<group>";
		};
		5B3F845D1C5E9668004F6CF6 /* ControlFlow-XcodeTests */ = {
			isa = PBXGroup;
			children = (
				5B3F845E1C5E9668004F6CF6 /* ControlFlow_XcodeTests.swift */,
				5B3F84601C5E9668004F6CF6 /* Info.plist */,
			);
			path = "ControlFlow-XcodeTests";
			sourceTree = "<group>";
		};
		5B3F84681C5E9668004F6CF6 /* ControlFlow-XcodeUITests */ = {
			isa = PBXGroup;
			children = (
				5B3F84691C5E9668004F6CF6 /* ControlFlow_XcodeUITests.swift */,
				5B3F846B1C5E9668004F6CF6 /* Info.plist */,
			);
			path = "ControlFlow-XcodeUITests";
			sourceTree = "<group>";
		};
/* End PBXGroup section */

/* Begin PBXNativeTarget section */
		5B3F84451C5E9668004F6CF6 /* ControlFlow-Xcode */ = {
			isa = PBXNativeTarget;
			buildConfigurationList = 5B3F846E1C5E9668004F6CF6 /* Build configuration list for PBXNativeTarget "ControlFlow-Xcode" */;
			buildPhases = (
				5B3F84421C5E9668004F6CF6 /* Sources */,
				5B3F84431C5E9668004F6CF6 /* Frameworks */,
				5B3F84441C5E9668004F6CF6 /* Resources */,
			);
			buildRules = (
			);
			dependencies = (
			);
			name = "ControlFlow-Xcode";
			productName = "ControlFlow-Xcode";
			productReference = 5B3F84461C5E9668004F6CF6 /* ControlFlow-Xcode.app */;
			productType = "com.apple.product-type.application";
		};
		5B3F84591C5E9668004F6CF6 /* ControlFlow-XcodeTests */ = {
			isa = PBXNativeTarget;
			buildConfigurationList = 5B3F84711C5E9668004F6CF6 /* Build configuration list for PBXNativeTarget "ControlFlow-XcodeTests" */;
			buildPhases = (
				5B3F84561C5E9668004F6CF6 /* Sources */,
				5B3F84571C5E9668004F6CF6 /* Frameworks */,
				5B3F84581C5E9668004F6CF6 /* Resources */,
			);
			buildRules = (
			);
			dependencies = (
				5B3F845C1C5E9668004F6CF6 /* PBXTargetDependency */,
			);
			name = "ControlFlow-XcodeTests";
			productName = "ControlFlow-XcodeTests";
			productReference = 5B3F845A1C5E9668004F6CF6 /* ControlFlow-XcodeTests.xctest */;
			productType = "com.apple.product-type.bundle.unit-test";
		};
		5B3F84641C5E9668004F6CF6 /* ControlFlow-XcodeUITests */ = {
			isa = PBXNativeTarget;
			buildConfigurationList = 5B3F84741C5E9668004F6CF6 /* Build configuration list for PBXNativeTarget "ControlFlow-XcodeUITests" */;
			buildPhases = (
				5B3F84611C5E9668004F6CF6 /* Sources */,
				5B3F84621C5E9668004F6CF6 /* Frameworks */,
				5B3F84631C5E9668004F6CF6 /* Resources */,
			);
			buildRules = (
			);
			dependencies = (
				5B3F84671C5E9668004F6CF6 /* PBXTargetDependency */,
			);
			name = "ControlFlow-XcodeUITests";
			productName = "ControlFlow-XcodeUITests";
			productReference = 5B3F84651C5E9668004F6CF6 /* ControlFlow-XcodeUITests.xctest */;
			productType = "com.apple.product-type.bundle.ui-testing";
		};
/* End PBXNativeTarget section */

/* Begin PBXProject section */
		5B3F843E1C5E9668004F6CF6 /* Project object */ = {
			isa = PBXProject;
			attributes = {
				LastSwiftUpdateCheck = 0720;
				LastUpgradeCheck = 0720;
				ORGANIZATIONNAME = "Ansel Adams";
				TargetAttributes = {
					5B3F84451C5E9668004F6CF6 = {
						CreatedOnToolsVersion = 7.2;
					};
					5B3F84591C5E9668004F6CF6 = {
						CreatedOnToolsVersion = 7.2;
						TestTargetID = 5B3F84451C5E9668004F6CF6;
					};
					5B3F84641C5E9668004F6CF6 = {
						CreatedOnToolsVersion = 7.2;
						TestTargetID = 5B3F84451C5E9668004F6CF6;
					};
				};
			};
			buildConfigurationList = 5B3F84411C5E9668004F6CF6 /* Build configuration list for PBXProject "ControlFlow-Xcode" */;
			compatibilityVersion = "Xcode 3.2";
			developmentRegion = English;
			hasScannedForEncodings = 0;
			knownRegions = (
				en,
				Base,
			);
			mainGroup = 5B3F843D1C5E9668004F6CF6;
			productRefGroup = 5B3F84471C5E9668004F6CF6 /* Products */;
			projectDirPath = "";
			projectRoot = "";
			targets = (
				5B3F84451C5E9668004F6CF6 /* ControlFlow-Xcode */,
				5B3F84591C5E9668004F6CF6 /* ControlFlow-XcodeTests */,
				5B3F84641C5E9668004F6CF6 /* ControlFlow-XcodeUITests */,
			);
		};
/* End PBXProject section */

/* Begin PBXResourcesBuildPhase section */
		5B3F84441C5E9668004F6CF6 /* Resources */ = {
			isa = PBXResourcesBuildPhase;
			buildActionMask = 2147483647;
			files = (
				5B3F84541C5E9668004F6CF6 /* LaunchScreen.storyboard in Resources */,
				5B3F84511C5E9668004F6CF6 /* Assets.xcassets in Resources */,
				5B3F844F1C5E9668004F6CF6 /* Main.storyboard in Resources */,
			);
			runOnlyForDeploymentPostprocessing = 0;
		};
		5B3F84581C5E9668004F6CF6 /* Resources */ = {
			isa = PBXResourcesBuildPhase;
			buildActionMask = 2147483647;
			files = (
			);
			runOnlyForDeploymentPostprocessing = 0;
		};
		5B3F84631C5E9668004F6CF6 /* Resources */ = {
			isa = PBXResourcesBuildPhase;
			buildActionMask = 2147483647;
			files = (
			);
			runOnlyForDeploymentPostprocessing = 0;
		};
/* End PBXResourcesBuildPhase section */

/* Begin PBXSourcesBuildPhase section */
		5B3F84421C5E9668004F6CF6 /* Sources */ = {
			isa = PBXSourcesBuildPhase;
			buildActionMask = 2147483647;
			files = (
				5B3F844C1C5E9668004F6CF6 /* ViewController.swift in Sources */,
				5B3F844A1C5E9668004F6CF6 /* AppDelegate.swift in Sources */,
			);
			runOnlyForDeploymentPostprocessing = 0;
		};
		5B3F84561C5E9668004F6CF6 /* Sources */ = {
			isa = PBXSourcesBuildPhase;
			buildActionMask = 2147483647;
			files = (
				5B3F845F1C5E9668004F6CF6 /* ControlFlow_XcodeTests.swift in Sources */,
			);
			runOnlyForDeploymentPostprocessing = 0;
		};
		5B3F84611C5E9668004F6CF6 /* Sources */ = {
			isa = PBXSourcesBuildPhase;
			buildActionMask = 2147483647;
			files = (
				5B3F846A1C5E9668004F6CF6 /* ControlFlow_XcodeUITests.swift in Sources */,
			);
			runOnlyForDeploymentPostprocessing = 0;
		};
/* End PBXSourcesBuildPhase section */

/* Begin PBXTargetDependency section */
		5B3F845C1C5E9668004F6CF6 /* PBXTargetDependency */ = {
			isa = PBXTargetDependency;
			target = 5B3F84451C5E9668004F6CF6 /* ControlFlow-Xcode */;
			targetProxy = 5B3F845B1C5E9668004F6CF6 /* PBXContainerItemProxy */;
		};
		5B3F84671C5E9668004F6CF6 /* PBXTargetDependency */ = {
			isa = PBXTargetDependency;
			target = 5B3F84451C5E9668004F6CF6 /* ControlFlow-Xcode */;
			targetProxy = 5B3F84661C5E9668004F6CF6 /* PBXContainerItemProxy */;
		};
/* End PBXTargetDependency section */

/* Begin PBXVariantGroup section */
		5B3F844D1C5E9668004F6CF6 /* Main.storyboard */ = {
			isa = PBXVariantGroup;
			children = (
				5B3F844E1C5E9668004F6CF6 /* Base */,
			);
			name = Main.storyboard;
			sourceTree = "<group>";
		};
		5B3F84521C5E9668004F6CF6 /* LaunchScreen.storyboard */ = {
			isa = PBXVariantGroup;
			children = (
				5B3F84531C5E9668004F6CF6 /* Base */,
			);
			name = LaunchScreen.storyboard;
			sourceTree = "<group>";
		};
/* End PBXVariantGroup section */

/* Begin XCBuildConfiguration section */
		5B3F846C1C5E9668004F6CF6 /* Debug */ = {
			isa = XCBuildConfiguration;
			buildSettings = {
				ALWAYS_SEARCH_USER_PATHS = NO;
				CLANG_CXX_LANGUAGE_STANDARD = "gnu++0x";
				CLANG_CXX_LIBRARY = "libc++";
				CLANG_ENABLE_MODULES = YES;
				CLANG_ENABLE_OBJC_ARC = YES;
				CLANG_WARN_BOOL_CONVERSION = YES;
				CLANG_WARN_CONSTANT_CONVERSION = YES;
				CLANG_WARN_DIRECT_OBJC_ISA_USAGE = YES_ERROR;
				CLANG_WARN_EMPTY_BODY = YES;
				CLANG_WARN_ENUM_CONVERSION = YES;
				CLANG_WARN_INT_CONVERSION = YES;
				CLANG_WARN_OBJC_ROOT_CLASS = YES_ERROR;
				CLANG_WARN_UNREACHABLE_CODE = YES;
				CLANG_WARN__DUPLICATE_METHOD_MATCH = YES;
				"CODE_SIGN_IDENTITY[sdk=iphoneos*]" = "iPhone Developer";
				COPY_PHASE_STRIP = NO;
				DEBUG_INFORMATION_FORMAT = dwarf;
				ENABLE_STRICT_OBJC_MSGSEND = YES;
				ENABLE_TESTABILITY = YES;
				GCC_C_LANGUAGE_STANDARD = gnu99;
				GCC_DYNAMIC_NO_PIC = NO;
				GCC_NO_COMMON_BLOCKS = YES;
				GCC_OPTIMIZATION_LEVEL = 0;
				GCC_PREPROCESSOR_DEFINITIONS = (
					"DEBUG=1",
					"$(inherited)",
				);
				GCC_WARN_64_TO_32_BIT_CONVERSION = YES;
				GCC_WARN_ABOUT_RETURN_TYPE = YES_ERROR;
				GCC_WARN_UNDECLARED_SELECTOR = YES;
				GCC_WARN_UNINITIALIZED_AUTOS = YES_AGGRESSIVE;
				GCC_WARN_UNUSED_FUNCTION = YES;
				GCC_WARN_UNUSED_VARIABLE = YES;
				IPHONEOS_DEPLOYMENT_TARGET = 9.2;
				MTL_ENABLE_DEBUG_INFO = YES;
				ONLY_ACTIVE_ARCH = YES;
				SDKROOT = iphoneos;
				SWIFT_OPTIMIZATION_LEVEL = "-Onone";
				TARGETED_DEVICE_FAMILY = "1,2";
			};
			name = Debug;
		};
		5B3F846D1C5E9668004F6CF6 /* Release */ = {
			isa = XCBuildConfiguration;
			buildSettings = {
				ALWAYS_SEARCH_USER_PATHS = NO;
				CLANG_CXX_LANGUAGE_STANDARD = "gnu++0x";
				CLANG_CXX_LIBRARY = "libc++";
				CLANG_ENABLE_MODULES = YES;
				CLANG_ENABLE_OBJC_ARC = YES;
				CLANG_WARN_BOOL_CONVERSION = YES;
				CLANG_WARN_CONSTANT_CONVERSION = YES;
				CLANG_WARN_DIRECT_OBJC_ISA_USAGE = YES_ERROR;
				CLANG_WARN_EMPTY_BODY = YES;
				CLANG_WARN_ENUM_CONVERSION = YES;
				CLANG_WARN_INT_CONVERSION = YES;
				CLANG_WARN_OBJC_ROOT_CLASS = YES_ERROR;
				CLANG_WARN_UNREACHABLE_CODE = YES;
				CLANG_WARN__DUPLICATE_METHOD_MATCH = YES;
				"CODE_SIGN_IDENTITY[sdk=iphoneos*]" = "iPhone Developer";
				COPY_PHASE_STRIP = NO;
				DEBUG_INFORMATION_FORMAT = "dwarf-with-dsym";
				ENABLE_NS_ASSERTIONS = NO;
				ENABLE_STRICT_OBJC_MSGSEND = YES;
				GCC_C_LANGUAGE_STANDARD = gnu99;
				GCC_NO_COMMON_BLOCKS = YES;
				GCC_WARN_64_TO_32_BIT_CONVERSION = YES;
				GCC_WARN_ABOUT_RETURN_TYPE = YES_ERROR;
				GCC_WARN_UNDECLARED_SELECTOR = YES;
				GCC_WARN_UNINITIALIZED_AUTOS = YES_AGGRESSIVE;
				GCC_WARN_UNUSED_FUNCTION = YES;
				GCC_WARN_UNUSED_VARIABLE = YES;
				IPHONEOS_DEPLOYMENT_TARGET = 9.2;
				MTL_ENABLE_DEBUG_INFO = NO;
				SDKROOT = iphoneos;
				TARGETED_DEVICE_FAMILY = "1,2";
				VALIDATE_PRODUCT = YES;
			};
			name = Release;
		};
		5B3F846F1C5E9668004F6CF6 /* Debug */ = {
			isa = XCBuildConfiguration;
			buildSettings = {
				ASSETCATALOG_COMPILER_APPICON_NAME = AppIcon;
				INFOPLIST_FILE = "ControlFlow-Xcode/Info.plist";
				LD_RUNPATH_SEARCH_PATHS = "$(inherited) @executable_path/Frameworks";
				PRODUCT_BUNDLE_IDENTIFIER = "com.example.ControlFlow-Xcode";
				PRODUCT_NAME = "$(TARGET_NAME)";
			};
			name = Debug;
		};
		5B3F84701C5E9668004F6CF6 /* Release */ = {
			isa = XCBuildConfiguration;
			buildSettings = {
				ASSETCATALOG_COMPILER_APPICON_NAME = AppIcon;
				INFOPLIST_FILE = "ControlFlow-Xcode/Info.plist";
				LD_RUNPATH_SEARCH_PATHS = "$(inherited) @executable_path/Frameworks";
				PRODUCT_BUNDLE_IDENTIFIER = "com.example.ControlFlow-Xcode";
				PRODUCT_NAME = "$(TARGET_NAME)";
			};
			name = Release;
		};
		5B3F84721C5E9668004F6CF6 /* Debug */ = {
			isa = XCBuildConfiguration;
			buildSettings = {
				BUNDLE_LOADER = "$(TEST_HOST)";
				INFOPLIST_FILE = "ControlFlow-XcodeTests/Info.plist";
				LD_RUNPATH_SEARCH_PATHS = "$(inherited) @executable_path/Frameworks @loader_path/Frameworks";
				PRODUCT_BUNDLE_IDENTIFIER = "com.example.ControlFlow-XcodeTests";
				PRODUCT_NAME = "$(TARGET_NAME)";
				TEST_HOST = "$(BUILT_PRODUCTS_DIR)/ControlFlow-Xcode.app/ControlFlow-Xcode";
			};
			name = Debug;
		};
		5B3F84731C5E9668004F6CF6 /* Release */ = {
			isa = XCBuildConfiguration;
			buildSettings = {
				BUNDLE_LOADER = "$(TEST_HOST)";
				INFOPLIST_FILE = "ControlFlow-XcodeTests/Info.plist";
				LD_RUNPATH_SEARCH_PATHS = "$(inherited) @executable_path/Frameworks @loader_path/Frameworks";
				PRODUCT_BUNDLE_IDENTIFIER = "com.example.ControlFlow-XcodeTests";
				PRODUCT_NAME = "$(TARGET_NAME)";
				TEST_HOST = "$(BUILT_PRODUCTS_DIR)/ControlFlow-Xcode.app/ControlFlow-Xcode";
			};
			name = Release;
		};
		5B3F84751C5E9668004F6CF6 /* Debug */ = {
			isa = XCBuildConfiguration;
			buildSettings = {
				INFOPLIST_FILE = "ControlFlow-XcodeUITests/Info.plist";
				LD_RUNPATH_SEARCH_PATHS = "$(inherited) @executable_path/Frameworks @loader_path/Frameworks";
				PRODUCT_BUNDLE_IDENTIFIER = "com.example.ControlFlow-XcodeUITests";
				PRODUCT_NAME = "$(TARGET_NAME)";
				TEST_TARGET_NAME = "ControlFlow-Xcode";
				USES_XCTRUNNER = YES;
			};
			name = Debug;
		};
		5B3F84761C5E9668004F6CF6 /* Release */ = {
			isa = XCBuildConfiguration;
			buildSettings = {
				INFOPLIST_FILE = "ControlFlow-XcodeUITests/Info.plist";
				LD_RUNPATH_SEARCH_PATHS = "$(inherited) @executable_path/Frameworks @loader_path/Frameworks";
				PRODUCT_BUNDLE_IDENTIFIER = "com.example.ControlFlow-XcodeUITests";
				PRODUCT_NAME = "$(TARGET_NAME)";
				TEST_TARGET_NAME = "ControlFlow-Xcode";
				USES_XCTRUNNER = YES;
			};
			name = Release;
		};
/* End XCBuildConfiguration section */

/* Begin XCConfigurationList section */
		5B3F84411C5E9668004F6CF6 /* Build configuration list for PBXProject "ControlFlow-Xcode" */ = {
			isa = XCConfigurationList;
			buildConfigurations = (
				5B3F846C1C5E9668004F6CF6 /* Debug */,
				5B3F846D1C5E9668004F6CF6 /* Release */,
			);
			defaultConfigurationIsVisible = 0;
			defaultConfigurationName = Release;
		};
		5B3F846E1C5E9668004F6CF6 /* Build configuration list for PBXNativeTarget "ControlFlow-Xcode" */ = {
			isa = XCConfigurationList;
			buildConfigurations = (
				5B3F846F1C5E9668004F6CF6 /* Debug */,
				5B3F84701C5E9668004F6CF6 /* Release */,
			);
			defaultConfigurationIsVisible = 0;
		};
		5B3F84711C5E9668004F6CF6 /* Build configuration list for PBXNativeTarget "ControlFlow-XcodeTests" */ = {
			isa = XCConfigurationList;
			buildConfigurations = (
				5B3F84721C5E9668004F6CF6 /* Debug */,
				5B3F84731C5E9668004F6CF6 /* Release */,
			);
			defaultConfigurationIsVisible = 0;
		};
		5B3F84741C5E9668004F6CF6 /* Build configuration list for PBXNativeTarget "ControlFlow-XcodeUITests" */ = {
			isa = XCConfigurationList;
			buildConfigurations = (
				5B3F84751C5E9668004F6CF6 /* Debug */,
				5B3F84761C5E9668004F6CF6 /* Release */,
			);
			defaultConfigurationIsVisible = 0;
		};
/* End XCConfigurationList section */
	};
	rootObject = 5B3F843E1C5E9668004F6CF6 /* Project object */;
}
